// !$*UTF8*$!
{
	archiveVersion = 1;
	classes = {
	};
	objectVersion = 50;
	objects = {

/* Begin PBXBuildFile section */
		C830B3AA2454386F00D31B8C /* AppDelegate.swift in Sources */ = {isa = PBXBuildFile; fileRef = C830B3A92454386F00D31B8C /* AppDelegate.swift */; };
		C830B3AC2454386F00D31B8C /* SceneDelegate.swift in Sources */ = {isa = PBXBuildFile; fileRef = C830B3AB2454386F00D31B8C /* SceneDelegate.swift */; };
		C830B3AE2454386F00D31B8C /* ContentView.swift in Sources */ = {isa = PBXBuildFile; fileRef = C830B3AD2454386F00D31B8C /* ContentView.swift */; };
		C830B3B02454387100D31B8C /* Assets.xcassets in Resources */ = {isa = PBXBuildFile; fileRef = C830B3AF2454387100D31B8C /* Assets.xcassets */; };
		C830B3B32454387100D31B8C /* Preview Assets.xcassets in Resources */ = {isa = PBXBuildFile; fileRef = C830B3B22454387100D31B8C /* Preview Assets.xcassets */; };
		C830B3B62454387100D31B8C /* LaunchScreen.storyboard in Resources */ = {isa = PBXBuildFile; fileRef = C830B3B42454387100D31B8C /* LaunchScreen.storyboard */; };
		C830B3BE24543B8700D31B8C /* Videos.swift in Sources */ = {isa = PBXBuildFile; fileRef = C830B3BD24543B8700D31B8C /* Videos.swift */; };
/* End PBXBuildFile section */

/* Begin PBXFileReference section */
		C830B3A62454386F00D31B8C /* SwiftUI-Videos.app */ = {isa = PBXFileReference; explicitFileType = wrapper.application; includeInIndex = 0; path = "SwiftUI-Videos.app"; sourceTree = BUILT_PRODUCTS_DIR; };
		C830B3A92454386F00D31B8C /* AppDelegate.swift */ = {isa = PBXFileReference; lastKnownFileType = sourcecode.swift; path = AppDelegate.swift; sourceTree = "<group>"; };
		C830B3AB2454386F00D31B8C /* SceneDelegate.swift */ = {isa = PBXFileReference; lastKnownFileType = sourcecode.swift; path = SceneDelegate.swift; sourceTree = "<group>"; };
		C830B3AD2454386F00D31B8C /* ContentView.swift */ = {isa = PBXFileReference; lastKnownFileType = sourcecode.swift; path = ContentView.swift; sourceTree = "<group>"; };
		C830B3AF2454387100D31B8C /* Assets.xcassets */ = {isa = PBXFileReference; lastKnownFileType = folder.assetcatalog; path = Assets.xcassets; sourceTree = "<group>"; };
		C830B3B22454387100D31B8C /* Preview Assets.xcassets */ = {isa = PBXFileReference; lastKnownFileType = folder.assetcatalog; path = "Preview Assets.xcassets"; sourceTree = "<group>"; };
		C830B3B52454387100D31B8C /* Base */ = {isa = PBXFileReference; lastKnownFileType = file.storyboard; name = Base; path = Base.lproj/LaunchScreen.storyboard; sourceTree = "<group>"; };
		C830B3B72454387100D31B8C /* Info.plist */ = {isa = PBXFileReference; lastKnownFileType = text.plist.xml; path = Info.plist; sourceTree = "<group>"; };
		C830B3BD24543B8700D31B8C /* Videos.swift */ = {isa = PBXFileReference; lastKnownFileType = sourcecode.swift; path = Videos.swift; sourceTree = "<group>"; };
/* End PBXFileReference section */

/* Begin PBXFrameworksBuildPhase section */
		C830B3A32454386F00D31B8C /* Frameworks */ = {
			isa = PBXFrameworksBuildPhase;
			buildActionMask = 2147483647;
			files = (
			);
			runOnlyForDeploymentPostprocessing = 0;
		};
/* End PBXFrameworksBuildPhase section */

/* Begin PBXGroup section */
		C830B39D2454386F00D31B8C = {
			isa = PBXGroup;
			children = (
				C830B3A82454386F00D31B8C /* SwiftUI-Videos */,
				C830B3A72454386F00D31B8C /* Products */,
			);
			sourceTree = "<group>";
		};
		C830B3A72454386F00D31B8C /* Products */ = {
			isa = PBXGroup;
			children = (
				C830B3A62454386F00D31B8C /* SwiftUI-Videos.app */,
			);
			name = Products;
			sourceTree = "<group>";
		};
		C830B3A82454386F00D31B8C /* SwiftUI-Videos */ = {
			isa = PBXGroup;
			children = (
				C830B3A92454386F00D31B8C /* AppDelegate.swift */,
				C830B3BD24543B8700D31B8C /* Videos.swift */,
				C830B3AB2454386F00D31B8C /* SceneDelegate.swift */,
				C830B3AD2454386F00D31B8C /* ContentView.swift */,
				C830B3AF2454387100D31B8C /* Assets.xcassets */,
				C830B3B42454387100D31B8C /* LaunchScreen.storyboard */,
				C830B3B72454387100D31B8C /* Info.plist */,
				C830B3B12454387100D31B8C /* Preview Content */,
			);
			path = "SwiftUI-Videos";
			sourceTree = "<group>";
		};
		C830B3B12454387100D31B8C /* Preview Content */ = {
			isa = PBXGroup;
			children = (
				C830B3B22454387100D31B8C /* Preview Assets.xcassets */,
			);
			path = "Preview Content";
			sourceTree = "<group>";
		};
/* End PBXGroup section */

/* Begin PBXNativeTarget section */
		C830B3A52454386F00D31B8C /* SwiftUI-Videos */ = {
			isa = PBXNativeTarget;
			buildConfigurationList = C830B3BA2454387100D31B8C /* Build configuration list for PBXNativeTarget "SwiftUI-Videos" */;
			buildPhases = (
				C830B3A22454386F00D31B8C /* Sources */,
				C830B3A32454386F00D31B8C /* Frameworks */,
				C830B3A42454386F00D31B8C /* Resources */,
			);
			buildRules = (
			);
			dependencies = (
			);
			name = "SwiftUI-Videos";
			productName = "SwiftUI-Videos";
			productReference = C830B3A62454386F00D31B8C /* SwiftUI-Videos.app */;
			productType = "com.apple.product-type.application";
		};
/* End PBXNativeTarget section */

/* Begin PBXProject section */
		C830B39E2454386F00D31B8C /* Project object */ = {
			isa = PBXProject;
			attributes = {
				LastSwiftUpdateCheck = 1140;
				LastUpgradeCheck = 1140;
				ORGANIZATIONNAME = "Mikolaj Lukasik";
				TargetAttributes = {
					C830B3A52454386F00D31B8C = {
						CreatedOnToolsVersion = 11.4.1;
					};
				};
			};
			buildConfigurationList = C830B3A12454386F00D31B8C /* Build configuration list for PBXProject "SwiftUI-Videos" */;
			compatibilityVersion = "Xcode 9.3";
			developmentRegion = en;
			hasScannedForEncodings = 0;
			knownRegions = (
				en,
				Base,
			);
			mainGroup = C830B39D2454386F00D31B8C;
			productRefGroup = C830B3A72454386F00D31B8C /* Products */;
			projectDirPath = "";
			projectRoot = "";
			targets = (
				C830B3A52454386F00D31B8C /* SwiftUI-Videos */,
			);
		};
/* End PBXProject section */

/* Begin PBXResourcesBuildPhase section */
		C830B3A42454386F00D31B8C /* Resources */ = {
			isa = PBXResourcesBuildPhase;
			buildActionMask = 2147483647;
			files = (
				C830B3B62454387100D31B8C /* LaunchScreen.storyboard in Resources */,
				C830B3B32454387100D31B8C /* Preview Assets.xcassets in Resources */,
				C830B3B02454387100D31B8C /* Assets.xcassets in Resources */,
			);
			runOnlyForDeploymentPostprocessing = 0;
		};
/* End PBXResourcesBuildPhase section */

/* Begin PBXSourcesBuildPhase section */
		C830B3A22454386F00D31B8C /* Sources */ = {
			isa = PBXSourcesBuildPhase;
			buildActionMask = 2147483647;
			files = (
				C830B3AA2454386F00D31B8C /* AppDelegate.swift in Sources */,
				C830B3BE24543B8700D31B8C /* Videos.swift in Sources */,
				C830B3AC2454386F00D31B8C /* SceneDelegate.swift in Sources */,
				C830B3AE2454386F00D31B8C /* ContentView.swift in Sources */,
			);
			runOnlyForDeploymentPostprocessing = 0;
		};
/* End PBXSourcesBuildPhase section */

/* Begin PBXVariantGroup section */
		C830B3B42454387100D31B8C /* LaunchScreen.storyboard */ = {
			isa = PBXVariantGroup;
			children = (
				C830B3B52454387100D31B8C /* Base */,
			);
			name = LaunchScreen.storyboard;
			sourceTree = "<group>";
		};
/* End PBXVariantGroup section */

/* Begin XCBuildConfiguration section */
		C830B3B82454387100D31B8C /* Debug */ = {
			isa = XCBuildConfiguration;
			buildSettings = {
				ALWAYS_SEARCH_USER_PATHS = NO;
				CLANG_ANALYZER_NONNULL = YES;
				CLANG_ANALYZER_NUMBER_OBJECT_CONVERSION = YES_AGGRESSIVE;
				CLANG_CXX_LANGUAGE_STANDARD = "gnu++14";
				CLANG_CXX_LIBRARY = "libc++";
				CLANG_ENABLE_MODULES = YES;
				CLANG_ENABLE_OBJC_ARC = YES;
				CLANG_ENABLE_OBJC_WEAK = YES;
				CLANG_WARN_BLOCK_CAPTURE_AUTORELEASING = YES;
				CLANG_WARN_BOOL_CONVERSION = YES;
				CLANG_WARN_COMMA = YES;
				CLANG_WARN_CONSTANT_CONVERSION = YES;
				CLANG_WARN_DEPRECATED_OBJC_IMPLEMENTATIONS = YES;
				CLANG_WARN_DIRECT_OBJC_ISA_USAGE = YES_ERROR;
				CLANG_WARN_DOCUMENTATION_COMMENTS = YES;
				CLANG_WARN_EMPTY_BODY = YES;
				CLANG_WARN_ENUM_CONVERSION = YES;
				CLANG_WARN_INFINITE_RECURSION = YES;
				CLANG_WARN_INT_CONVERSION = YES;
				CLANG_WARN_NON_LITERAL_NULL_CONVERSION = YES;
				CLANG_WARN_OBJC_IMPLICIT_RETAIN_SELF = YES;
				CLANG_WARN_OBJC_LITERAL_CONVERSION = YES;
				CLANG_WARN_OBJC_ROOT_CLASS = YES_ERROR;
				CLANG_WARN_RANGE_LOOP_ANALYSIS = YES;
				CLANG_WARN_STRICT_PROTOTYPES = YES;
				CLANG_WARN_SUSPICIOUS_MOVE = YES;
				CLANG_WARN_UNGUARDED_AVAILABILITY = YES_AGGRESSIVE;
				CLANG_WARN_UNREACHABLE_CODE = YES;
				CLANG_WARN__DUPLICATE_METHOD_MATCH = YES;
				COPY_PHASE_STRIP = NO;
				DEBUG_INFORMATION_FORMAT = dwarf;
				ENABLE_STRICT_OBJC_MSGSEND = YES;
				ENABLE_TESTABILITY = YES;
				GCC_C_LANGUAGE_STANDARD = gnu11;
				GCC_DYNAMIC_NO_PIC = NO;
				GCC_NO_COMMON_BLOCKS = YES;
				GCC_OPTIMIZATION_LEVEL = 0;
				GCC_PREPROCESSOR_DEFINITIONS = (
					"DEBUG=1",
					"$(inherited)",
				);
				GCC_WARN_64_TO_32_BIT_CONVERSION = YES;
				GCC_WARN_ABOUT_RETURN_TYPE = YES_ERROR;
				GCC_WARN_UNDECLARED_SELECTOR = YES;
				GCC_WARN_UNINITIALIZED_AUTOS = YES_AGGRESSIVE;
				GCC_WARN_UNUSED_FUNCTION = YES;
				GCC_WARN_UNUSED_VARIABLE = YES;
				IPHONEOS_DEPLOYMENT_TARGET = 13.4;
				MTL_ENABLE_DEBUG_INFO = INCLUDE_SOURCE;
				MTL_FAST_MATH = YES;
				ONLY_ACTIVE_ARCH = YES;
				SDKROOT = iphoneos;
				SWIFT_ACTIVE_COMPILATION_CONDITIONS = DEBUG;
				SWIFT_OPTIMIZATION_LEVEL = "-Onone";
			};
			name = Debug;
		};
		C830B3B92454387100D31B8C /* Release */ = {
			isa = XCBuildConfiguration;
			buildSettings = {
				ALWAYS_SEARCH_USER_PATHS = NO;
				CLANG_ANALYZER_NONNULL = YES;
				CLANG_ANALYZER_NUMBER_OBJECT_CONVERSION = YES_AGGRESSIVE;
				CLANG_CXX_LANGUAGE_STANDARD = "gnu++14";
				CLANG_CXX_LIBRARY = "libc++";
				CLANG_ENABLE_MODULES = YES;
				CLANG_ENABLE_OBJC_ARC = YES;
				CLANG_ENABLE_OBJC_WEAK = YES;
				CLANG_WARN_BLOCK_CAPTURE_AUTORELEASING = YES;
				CLANG_WARN_BOOL_CONVERSION = YES;
				CLANG_WARN_COMMA = YES;
				CLANG_WARN_CONSTANT_CONVERSION = YES;
				CLANG_WARN_DEPRECATED_OBJC_IMPLEMENTATIONS = YES;
				CLANG_WARN_DIRECT_OBJC_ISA_USAGE = YES_ERROR;
				CLANG_WARN_DOCUMENTATION_COMMENTS = YES;
				CLANG_WARN_EMPTY_BODY = YES;
				CLANG_WARN_ENUM_CONVERSION = YES;
				CLANG_WARN_INFINITE_RECURSION = YES;
				CLANG_WARN_INT_CONVERSION = YES;
				CLANG_WARN_NON_LITERAL_NULL_CONVERSION = YES;
				CLANG_WARN_OBJC_IMPLICIT_RETAIN_SELF = YES;
				CLANG_WARN_OBJC_LITERAL_CONVERSION = YES;
				CLANG_WARN_OBJC_ROOT_CLASS = YES_ERROR;
				CLANG_WARN_RANGE_LOOP_ANALYSIS = YES;
				CLANG_WARN_STRICT_PROTOTYPES = YES;
				CLANG_WARN_SUSPICIOUS_MOVE = YES;
				CLANG_WARN_UNGUARDED_AVAILABILITY = YES_AGGRESSIVE;
				CLANG_WARN_UNREACHABLE_CODE = YES;
				CLANG_WARN__DUPLICATE_METHOD_MATCH = YES;
				COPY_PHASE_STRIP = NO;
				DEBUG_INFORMATION_FORMAT = "dwarf-with-dsym";
				ENABLE_NS_ASSERTIONS = NO;
				ENABLE_STRICT_OBJC_MSGSEND = YES;
				GCC_C_LANGUAGE_STANDARD = gnu11;
				GCC_NO_COMMON_BLOCKS = YES;
				GCC_WARN_64_TO_32_BIT_CONVERSION = YES;
				GCC_WARN_ABOUT_RETURN_TYPE = YES_ERROR;
				GCC_WARN_UNDECLARED_SELECTOR = YES;
				GCC_WARN_UNINITIALIZED_AUTOS = YES_AGGRESSIVE;
				GCC_WARN_UNUSED_FUNCTION = YES;
				GCC_WARN_UNUSED_VARIABLE = YES;
				IPHONEOS_DEPLOYMENT_TARGET = 13.4;
				MTL_ENABLE_DEBUG_INFO = NO;
				MTL_FAST_MATH = YES;
				SDKROOT = iphoneos;
				SWIFT_COMPILATION_MODE = wholemodule;
				SWIFT_OPTIMIZATION_LEVEL = "-O";
				VALIDATE_PRODUCT = YES;
			};
			name = Release;
		};
		C830B3BB2454387100D31B8C /* Debug */ = {
			isa = XCBuildConfiguration;
			buildSettings = {
				ASSETCATALOG_COMPILER_APPICON_NAME = AppIcon;
				CODE_SIGN_STYLE = Automatic;
				DEVELOPMENT_ASSET_PATHS = "\"SwiftUI-Videos/Preview Content\"";
				DEVELOPMENT_TEAM = 8TYF5VAX58;
				ENABLE_PREVIEWS = YES;
				INFOPLIST_FILE = "SwiftUI-Videos/Info.plist";
				LD_RUNPATH_SEARCH_PATHS = (
					"$(inherited)",
					"@executable_path/Frameworks",
				);
				PRODUCT_BUNDLE_IDENTIFIER = "com.mlukasik.SwiftUI-Videos";
				PRODUCT_NAME = "$(TARGET_NAME)";
				SWIFT_VERSION = 5.0;
				TARGETED_DEVICE_FAMILY = "1,2";
			};
			name = Debug;
		};
		C830B3BC2454387100D31B8C /* Release */ = {
			isa = XCBuildConfiguration;
			buildSettings = {
				ASSETCATALOG_COMPILER_APPICON_NAME = AppIcon;
				CODE_SIGN_STYLE = Automatic;
				DEVELOPMENT_ASSET_PATHS = "\"SwiftUI-Videos/Preview Content\"";
				DEVELOPMENT_TEAM = 8TYF5VAX58;
				ENABLE_PREVIEWS = YES;
				INFOPLIST_FILE = "SwiftUI-Videos/Info.plist";
				LD_RUNPATH_SEARCH_PATHS = (
					"$(inherited)",
					"@executable_path/Frameworks",
				);
				PRODUCT_BUNDLE_IDENTIFIER = "com.mlukasik.SwiftUI-Videos";
				PRODUCT_NAME = "$(TARGET_NAME)";
				SWIFT_VERSION = 5.0;
				TARGETED_DEVICE_FAMILY = "1,2";
			};
			name = Release;
		};
/* End XCBuildConfiguration section */

/* Begin XCConfigurationList section */
		C830B3A12454386F00D31B8C /* Build configuration list for PBXProject "SwiftUI-Videos" */ = {
			isa = XCConfigurationList;
			buildConfigurations = (
				C830B3B82454387100D31B8C /* Debug */,
				C830B3B92454387100D31B8C /* Release */,
			);
			defaultConfigurationIsVisible = 0;
			defaultConfigurationName = Release;
		};
		C830B3BA2454387100D31B8C /* Build configuration list for PBXNativeTarget "SwiftUI-Videos" */ = {
			isa = XCConfigurationList;
			buildConfigurations = (
				C830B3BB2454387100D31B8C /* Debug */,
				C830B3BC2454387100D31B8C /* Release */,
			);
			defaultConfigurationIsVisible = 0;
			defaultConfigurationName = Release;
		};
/* End XCConfigurationList section */
	};
	rootObject = C830B39E2454386F00D31B8C /* Project object */;
}
